
Microsoft Visual Studio Solution File, Format Version 12.00
# Visual Studio Version 17
VisualStudioVersion = 17.5.33516.290
MinimumVisualStudioVersion = 10.0.40219.1
Project("{FAE04EC0-301F-11D3-BF4B-00C04F79EFBC}") = "Selenium_2023", "Selenium_2023.csproj", "{907179F7-5EE5-4281-925D-9E90EDEA906B}"
EndProject
Project("{FAE04EC0-301F-11D3-BF4B-00C04F79EFBC}") = "Selenium_Auth0", "Selenium_Auth0\Selenium_Auth0.csproj", "{FFD1CDF7-5847-470C-A3C7-1AEDF3E94972}"
EndProject
Project("{FAE04EC0-301F-11D3-BF4B-00C04F79EFBC}") = "Selenium_GallerU_AUTH0", "Selenium_GallerU_AUTH0\Selenium_GallerU_AUTH0.csproj", "{BBCE8860-E89B-4BDA-BCBD-6014B2138A32}"
EndProject
Global
	GlobalSection(SolutionConfigurationPlatforms) = preSolution
		Debug|Any CPU = Debug|Any CPU
		Release|Any CPU = Release|Any CPU
	EndGlobalSection
	GlobalSection(ProjectConfigurationPlatforms) = postSolution
		{907179F7-5EE5-4281-925D-9E90EDEA906B}.Debug|Any CPU.ActiveCfg = Debug|Any CPU
		{907179F7-5EE5-4281-925D-9E90EDEA906B}.Debug|Any CPU.Build.0 = Debug|Any CPU
		{907179F7-5EE5-4281-925D-9E90EDEA906B}.Release|Any CPU.ActiveCfg = Release|Any CPU
		{907179F7-5EE5-4281-925D-9E90EDEA906B}.Release|Any CPU.Build.0 = Release|Any CPU
		{FFD1CDF7-5847-470C-A3C7-1AEDF3E94972}.Debug|Any CPU.ActiveCfg = Debug|Any CPU
		{FFD1CDF7-5847-470C-A3C7-1AEDF3E94972}.Debug|Any CPU.Build.0 = Debug|Any CPU
		{FFD1CDF7-5847-470C-A3C7-1AEDF3E94972}.Release|Any CPU.ActiveCfg = Release|Any CPU
		{FFD1CDF7-5847-470C-A3C7-1AEDF3E94972}.Release|Any CPU.Build.0 = Release|Any CPU
		{BBCE8860-E89B-4BDA-BCBD-6014B2138A32}.Debug|Any CPU.ActiveCfg = Debug|Any CPU
		{BBCE8860-E89B-4BDA-BCBD-6014B2138A32}.Debug|Any CPU.Build.0 = Debug|Any CPU
		{BBCE8860-E89B-4BDA-BCBD-6014B2138A32}.Release|Any CPU.ActiveCfg = Release|Any CPU
		{BBCE8860-E89B-4BDA-BCBD-6014B2138A32}.Release|Any CPU.Build.0 = Release|Any CPU
	EndGlobalSection
	GlobalSection(SolutionProperties) = preSolution
		HideSolutionNode = FALSE
	EndGlobalSection
	GlobalSection(ExtensibilityGlobals) = postSolution
		SolutionGuid = {F975BE01-0AC6-42B1-90AA-E585C66AB7B2}
	EndGlobalSection
EndGlobal
